{
  "name": "y",
  "version": "1.0.0",
  "lockfileVersion": 3,
  "requires": true,
  "packages": {
    "": {
      "name": "y",
      "version": "1.0.0",
      "license": "MIT",
      "dependencies": {
        "fez-lisp": "^1.2.37"
      }
    },
    "node_modules/fez-lisp": {
      "version": "1.2.38",
      "resolved": "https://registry.npmjs.org/fez-lisp/-/fez-lisp-1.2.38.tgz",
      "integrity": "sha512-Zpd9Uypxn7IjKkdUg6ig+0pxVp6qMTVqFu6bVN1DN2Sq5/IDkGPzyZH+8oQpMrxCLFpZ72VTD5zyhOEwI0Y15g==",
      "license": "MIT"
    }
  }
}
