{
  "name": "y",
  "version": "1.0.0",
  "lockfileVersion": 3,
  "requires": true,
  "packages": {
    "": {
      "name": "y",
      "version": "1.0.0",
      "license": "MIT",
      "dependencies": {
        "fez-lisp": "^1.4.6"
      }
    },
    "node_modules/fez-lisp": {
      "version": "1.4.6",
      "resolved": "https://registry.npmjs.org/fez-lisp/-/fez-lisp-1.4.6.tgz",
      "integrity": "sha512-R/g7WiY7QmkC1mfTYDWLR9Ae8DYS5jUnJhO3Gc5Skoi8J2pTh4DD94qHwVFMRQc27gla53TfkpRQlBiPtuVdYA==",
      "license": "MIT"
    }
  }
}
