{
  "name": "y",
  "version": "1.0.0",
  "lockfileVersion": 3,
  "requires": true,
  "packages": {
    "": {
      "name": "y",
      "version": "1.0.0",
      "license": "MIT",
      "dependencies": {
        "fez-lisp": "^1.4.16"
      }
    },
    "node_modules/fez-lisp": {
      "version": "1.4.16",
      "resolved": "https://registry.npmjs.org/fez-lisp/-/fez-lisp-1.4.16.tgz",
      "integrity": "sha512-M2EE6akQktThkuq/INDf3X0zBEYp+y5NIr/elp2UfyRoXZ+P8Tf65nFELEvIiQIdBA2UuE3iTmbrTPVw8iYO/g==",
      "license": "MIT"
    }
  }
}
